
Microsoft Visual Studio Solution File, Format Version 12.00
# Visual Studio Version 17
VisualStudioVersion = 17.13.35931.197 d17.13
MinimumVisualStudioVersion = 10.0.40219.1
Project("{FAE04EC0-301F-11D3-BF4B-00C04F79EFBC}") = "PersonalBudgetManager", "PersonalBudgetManager\PersonalBudgetManager.csproj", "{529CB046-0A79-4F94-B46E-F1AFB7C81901}"
EndProject
Global
	GlobalSection(SolutionConfigurationPlatforms) = preSolution
		Debug|Any CPU = Debug|Any CPU
		Release|Any CPU = Release|Any CPU
	EndGlobalSection
	GlobalSection(ProjectConfigurationPlatforms) = postSolution
		{529CB046-0A79-4F94-B46E-F1AFB7C81901}.Debug|Any CPU.ActiveCfg = Debug|Any CPU
		{529CB046-0A79-4F94-B46E-F1AFB7C81901}.Debug|Any CPU.Build.0 = Debug|Any CPU
		{529CB046-0A79-4F94-B46E-F1AFB7C81901}.Release|Any CPU.ActiveCfg = Release|Any CPU
		{529CB046-0A79-4F94-B46E-F1AFB7C81901}.Release|Any CPU.Build.0 = Release|Any CPU
	EndGlobalSection
	GlobalSection(SolutionProperties) = preSolution
		HideSolutionNode = FALSE
	EndGlobalSection
	GlobalSection(ExtensibilityGlobals) = postSolution
		SolutionGuid = {F83BB559-19DE-44CD-A1CF-222DE79346AB}
	EndGlobalSection
EndGlobal
